{"projectHash":"a91f71bde83f7745035c3927cf75f5a423e361e0","productModuleName":"RepositoryTests","mockedTypeNames":["\/Users\/henry\/Desktop\/repo\/hyel-assignment\/Repository\/RepositoryTests\/RepositoryTests.swift",[],"\/Users\/henry\/Desktop\/repo\/hyel-assignment\/Repository\/RepositoryTests\/Api\/MockURLProtocol.swift",[]],"cliVersion":"0.19.0","configHash":"4d909ae69102512f204ae0aea8c6577ef18a224a","sourceRoot":"\/Users\/henry\/Desktop\/repo\/hyel-assignment\/Repository","sourceFilePaths":[{"path":"\/Users\/henry\/Desktop\/repo\/hyel-assignment\/Repository\/MockingbirdMocks\/RepositoryTests-RepositoryMocks.generated.swift","hash":"ba665470c89f3b2ffde47cb855419140fbea271c"},{"path":"\/Users\/henry\/Desktop\/repo\/hyel-assignment\/Repository\/RepositoryTests\/Api\/MockURLProtocol.swift","hash":"ac6fff09a44186d2ca09152f8f1f9e2658918b9a"},{"path":"\/Users\/henry\/Desktop\/repo\/hyel-assignment\/Repository\/RepositoryTests\/RepositoryTests.swift","hash":"b1bd8abc88978ec3abee25319705faf93f76d4a7"}],"dependencies":[],"name":"RepositoryTests"}