{"projectHash":"ade754333ba43f273ea49cc82d3cb041c5bb57e8","productModuleName":"RepositoryTests","mockedTypeNames":["\/Users\/henry\/Desktop\/repo\/hyel-assignment\/Repository\/RepositoryTests\/Dao\/DailyWeatherDaoTests.swift",[],"\/Users\/henry\/Desktop\/repo\/hyel-assignment\/Repository\/RepositoryTests\/Api\/WeatherApiTests.swift",[],"\/Users\/henry\/Desktop\/repo\/hyel-assignment\/Repository\/RepositoryTests\/Repository\/WeatherRepositoryTests.swift",["WeatherApi","DailyWeatherDao","HourlyWeatherDao"],"\/Users\/henry\/Desktop\/repo\/hyel-assignment\/Repository\/RepositoryTests\/Api\/MockURLProtocol.swift",[],"\/Users\/henry\/Desktop\/repo\/hyel-assignment\/Repository\/RepositoryTests\/RepositoryTests.swift",[]],"cliVersion":"0.19.0","configHash":"4d909ae69102512f204ae0aea8c6577ef18a224a","sourceRoot":"\/Users\/henry\/Desktop\/repo\/hyel-assignment\/Repository","sourceFilePaths":[{"path":"\/Users\/henry\/Desktop\/repo\/hyel-assignment\/Repository\/MockingbirdMocks\/RepositoryTests-RepositoryMocks.generated.swift","hash":"f5f3b539210c393b9e650ced8fcbeda1499040ca"},{"path":"\/Users\/henry\/Desktop\/repo\/hyel-assignment\/Repository\/RepositoryTests\/Api\/MockURLProtocol.swift","hash":"ac6fff09a44186d2ca09152f8f1f9e2658918b9a"},{"path":"\/Users\/henry\/Desktop\/repo\/hyel-assignment\/Repository\/RepositoryTests\/Api\/WeatherApiTests.swift","hash":"b37b431683b76f907c3564a319a0af17666fcbbf"},{"path":"\/Users\/henry\/Desktop\/repo\/hyel-assignment\/Repository\/RepositoryTests\/Dao\/DailyWeatherDaoTests.swift","hash":"b532ad474ed05377772505dd0bf5040bfff7fde8"},{"path":"\/Users\/henry\/Desktop\/repo\/hyel-assignment\/Repository\/RepositoryTests\/Repository\/WeatherRepositoryTests.swift","hash":"6c5916cc6cba95c1cbc04807d0ece7e944f963ed"},{"path":"\/Users\/henry\/Desktop\/repo\/hyel-assignment\/Repository\/RepositoryTests\/RepositoryTests.swift","hash":"b1bd8abc88978ec3abee25319705faf93f76d4a7"}],"dependencies":[],"name":"RepositoryTests"}